// !$*UTF8*$!
{
	archiveVersion = 1;
	classes = {
	};
	objectVersion = 56;
	objects = {

/* Begin PBXBuildFile section */
		541DC7122CDDDEAB0051E898 /* PaddingLabel.swift in Sources */ = {isa = PBXBuildFile; fileRef = 541DC7112CDDDEAB0051E898 /* PaddingLabel.swift */; };
		541DC7162CDE38960051E898 /* SettingChannelViewController.swift in Sources */ = {isa = PBXBuildFile; fileRef = 541DC7152CDE38960051E898 /* SettingChannelViewController.swift */; };
		541DC7182CDE389D0051E898 /* SettingChannelView.swift in Sources */ = {isa = PBXBuildFile; fileRef = 541DC7172CDE389D0051E898 /* SettingChannelView.swift */; };
		541DC71A2CDE38A60051E898 /* SettingChannelCell.swift in Sources */ = {isa = PBXBuildFile; fileRef = 541DC7192CDE38A60051E898 /* SettingChannelCell.swift */; };
		541DC71C2CDE51F30051E898 /* SettingChannelViewModel.swift in Sources */ = {isa = PBXBuildFile; fileRef = 541DC71B2CDE51F30051E898 /* SettingChannelViewModel.swift */; };
		541DC71F2CE0F56D0051E898 /* EditChannelViewController.swift in Sources */ = {isa = PBXBuildFile; fileRef = 541DC71E2CE0F56D0051E898 /* EditChannelViewController.swift */; };
		541DC7232CE0F57D0051E898 /* EditChannelView.swift in Sources */ = {isa = PBXBuildFile; fileRef = 541DC7222CE0F57D0051E898 /* EditChannelView.swift */; };
		541DC7252CE0F71B0051E898 /* BaseTextField.swift in Sources */ = {isa = PBXBuildFile; fileRef = 541DC7242CE0F71B0051E898 /* BaseTextField.swift */; };
		544CA7842CDA22A90066F0AD /* TabbarViewController.swift in Sources */ = {isa = PBXBuildFile; fileRef = 544CA7832CDA22A90066F0AD /* TabbarViewController.swift */; };
		544CA78D2CDA306F0066F0AD /* BaseTableViewCell.swift in Sources */ = {isa = PBXBuildFile; fileRef = 544CA78C2CDA306F0066F0AD /* BaseTableViewCell.swift */; };
		544CA78F2CDA30800066F0AD /* BaseCollectionViewCell.swift in Sources */ = {isa = PBXBuildFile; fileRef = 544CA78E2CDA30800066F0AD /* BaseCollectionViewCell.swift */; };
		54565AB32CCE610400B5A354 /* BaseView.swift in Sources */ = {isa = PBXBuildFile; fileRef = 54565AB22CCE610400B5A354 /* BaseView.swift */; };
		54565AB62CCE62FA00B5A354 /* ViewRepresentable.swift in Sources */ = {isa = PBXBuildFile; fileRef = 54565AB52CCE62FA00B5A354 /* ViewRepresentable.swift */; };
		54565AB82CCE666B00B5A354 /* ViewModelBindable.swift in Sources */ = {isa = PBXBuildFile; fileRef = 54565AB72CCE666B00B5A354 /* ViewModelBindable.swift */; };
		54565ABB2CCF628A00B5A354 /* OnboardingViewController.swift in Sources */ = {isa = PBXBuildFile; fileRef = 54565ABA2CCF628A00B5A354 /* OnboardingViewController.swift */; };
		54565ABE2CCF631100B5A354 /* OnboardingView.swift in Sources */ = {isa = PBXBuildFile; fileRef = 54565ABD2CCF631100B5A354 /* OnboardingView.swift */; };
		54565AC02CCF63DF00B5A354 /* AuthorizationView.swift in Sources */ = {isa = PBXBuildFile; fileRef = 54565ABF2CCF63DF00B5A354 /* AuthorizationView.swift */; };
		54565AC52CCF721C00B5A354 /* UIFont+.swift in Sources */ = {isa = PBXBuildFile; fileRef = 54565AC42CCF721C00B5A354 /* UIFont+.swift */; };
		54565AC72CCF7F6800B5A354 /* BrandColorButton.swift in Sources */ = {isa = PBXBuildFile; fileRef = 54565AC62CCF7F6800B5A354 /* BrandColorButton.swift */; };
		54565AD02CCF977800B5A354 /* BaseViewController.swift in Sources */ = {isa = PBXBuildFile; fileRef = 54565ACF2CCF977800B5A354 /* BaseViewController.swift */; };
		54565AD92CD0EEB600B5A354 /* SignupViewController.swift in Sources */ = {isa = PBXBuildFile; fileRef = 54565AD82CD0EEB600B5A354 /* SignupViewController.swift */; };
		54565ADB2CD0EEBA00B5A354 /* SignupView.swift in Sources */ = {isa = PBXBuildFile; fileRef = 54565ADA2CD0EEBA00B5A354 /* SignupView.swift */; };
		54565ADF2CD0FA4200B5A354 /* LoginViewController.swift in Sources */ = {isa = PBXBuildFile; fileRef = 54565ADE2CD0FA4200B5A354 /* LoginViewController.swift */; };
		54565AE12CD0FA4600B5A354 /* LoginView.swift in Sources */ = {isa = PBXBuildFile; fileRef = 54565AE02CD0FA4600B5A354 /* LoginView.swift */; };
		54565AE52CD1004000B5A354 /* NavigationRepresentable.swift in Sources */ = {isa = PBXBuildFile; fileRef = 54565AE42CD1004000B5A354 /* NavigationRepresentable.swift */; };
		54565AE72CD1053700B5A354 /* DismissButtonPresentable.swift in Sources */ = {isa = PBXBuildFile; fileRef = 54565AE62CD1053700B5A354 /* DismissButtonPresentable.swift */; };
		54565AE92CD1056600B5A354 /* UIViewController+.swift in Sources */ = {isa = PBXBuildFile; fileRef = 54565AE82CD1056600B5A354 /* UIViewController+.swift */; };
		5465898A2CCE4FC500736BA9 /* AppDelegate.swift in Sources */ = {isa = PBXBuildFile; fileRef = 546589892CCE4FC500736BA9 /* AppDelegate.swift */; };
		5465898C2CCE4FC500736BA9 /* SceneDelegate.swift in Sources */ = {isa = PBXBuildFile; fileRef = 5465898B2CCE4FC500736BA9 /* SceneDelegate.swift */; };
		5465898E2CCE4FC500736BA9 /* AuthorizationViewController.swift in Sources */ = {isa = PBXBuildFile; fileRef = 5465898D2CCE4FC500736BA9 /* AuthorizationViewController.swift */; };
		546589932CCE4FC600736BA9 /* Assets.xcassets in Resources */ = {isa = PBXBuildFile; fileRef = 546589922CCE4FC600736BA9 /* Assets.xcassets */; };
		546589962CCE4FC600736BA9 /* Base in Resources */ = {isa = PBXBuildFile; fileRef = 546589952CCE4FC600736BA9 /* Base */; };
		5465899E2CCE50D100736BA9 /* .gitignore in Resources */ = {isa = PBXBuildFile; fileRef = 5465899D2CCE50D100736BA9 /* .gitignore */; };
		5476C9572CD4C7CA00E95AD4 /* ProfileEditViewController.swift in Sources */ = {isa = PBXBuildFile; fileRef = 5476C9562CD4C7CA00E95AD4 /* ProfileEditViewController.swift */; };
		5476C9592CD4C7FF00E95AD4 /* ProfileEditView.swift in Sources */ = {isa = PBXBuildFile; fileRef = 5476C9582CD4C7FF00E95AD4 /* ProfileEditView.swift */; };
		5476C95B2CD4CF0000E95AD4 /* ProfileEditTableViewCell.swift in Sources */ = {isa = PBXBuildFile; fileRef = 5476C95A2CD4CF0000E95AD4 /* ProfileEditTableViewCell.swift */; };
		5477F1C32CDA393B007D1A92 /* ChattingTableViewCell.swift in Sources */ = {isa = PBXBuildFile; fileRef = 5477F1C22CDA393B007D1A92 /* ChattingTableViewCell.swift */; };
		5477F1C52CDA3955007D1A92 /* ChattingViewController.swift in Sources */ = {isa = PBXBuildFile; fileRef = 5477F1C42CDA3955007D1A92 /* ChattingViewController.swift */; };
		5477F1C72CDA3959007D1A92 /* ChattingView.swift in Sources */ = {isa = PBXBuildFile; fileRef = 5477F1C62CDA3959007D1A92 /* ChattingView.swift */; };
		54A53FC72CD602E300313E17 /* NicknameEditViewController.swift in Sources */ = {isa = PBXBuildFile; fileRef = 54A53FC62CD602E300313E17 /* NicknameEditViewController.swift */; };
		54A53FC92CD602EC00313E17 /* NicknameEditView.swift in Sources */ = {isa = PBXBuildFile; fileRef = 54A53FC82CD602EC00313E17 /* NicknameEditView.swift */; };
		54A53FCB2CD609B800313E17 /* UITextField+.swift in Sources */ = {isa = PBXBuildFile; fileRef = 54A53FCA2CD609B800313E17 /* UITextField+.swift */; };
		54A53FD02CD613C100313E17 /* KeyboardRepresentable.swift in Sources */ = {isa = PBXBuildFile; fileRef = 54A53FCF2CD613C100313E17 /* KeyboardRepresentable.swift */; };
		54A53FD32CD6346D00313E17 /* PhoneNumberEditViewController.swift in Sources */ = {isa = PBXBuildFile; fileRef = 54A53FD22CD6346D00313E17 /* PhoneNumberEditViewController.swift */; };
		54A53FD52CD6347400313E17 /* PhoneNumberEditView.swift in Sources */ = {isa = PBXBuildFile; fileRef = 54A53FD42CD6347400313E17 /* PhoneNumberEditView.swift */; };
		54A53FD82CD636D200313E17 /* ProfileViewController.swift in Sources */ = {isa = PBXBuildFile; fileRef = 54A53FD72CD636D200313E17 /* ProfileViewController.swift */; };
		54A53FDA2CD636D500313E17 /* ProfileView.swift in Sources */ = {isa = PBXBuildFile; fileRef = 54A53FD92CD636D500313E17 /* ProfileView.swift */; };
		54A53FDC2CD63A6C00313E17 /* ProfileTableViewCell.swift in Sources */ = {isa = PBXBuildFile; fileRef = 54A53FDB2CD63A6C00313E17 /* ProfileTableViewCell.swift */; };
		54A53FDF2CD63DB500313E17 /* CoinShopViewController.swift in Sources */ = {isa = PBXBuildFile; fileRef = 54A53FDE2CD63DB500313E17 /* CoinShopViewController.swift */; };
		54A53FE12CD63DBA00313E17 /* CoinShopView.swift in Sources */ = {isa = PBXBuildFile; fileRef = 54A53FE02CD63DBA00313E17 /* CoinShopView.swift */; };
		54A53FE52CD6426D00313E17 /* CoinTableViewCell.swift in Sources */ = {isa = PBXBuildFile; fileRef = 54A53FE42CD6426D00313E17 /* CoinTableViewCell.swift */; };
		54A53FE72CD65E0600313E17 /* CameraImageView.swift in Sources */ = {isa = PBXBuildFile; fileRef = 54A53FE62CD65E0600313E17 /* CameraImageView.swift */; };
		6876053C2CCE58B1008167B0 /* Key.swift in Sources */ = {isa = PBXBuildFile; fileRef = 6876053B2CCE58B1008167B0 /* Key.swift */; };
		6876053F2CCE58F0008167B0 /* SnapKit in Frameworks */ = {isa = PBXBuildFile; productRef = 6876053E2CCE58F0008167B0 /* SnapKit */; };
		687605422CCE5901008167B0 /* Then in Frameworks */ = {isa = PBXBuildFile; productRef = 687605412CCE5901008167B0 /* Then */; };
		687605452CCE5948008167B0 /* RxCocoa in Frameworks */ = {isa = PBXBuildFile; productRef = 687605442CCE5948008167B0 /* RxCocoa */; };
		687605472CCE5948008167B0 /* RxSwift in Frameworks */ = {isa = PBXBuildFile; productRef = 687605462CCE5948008167B0 /* RxSwift */; };
		6876054A2CCE5960008167B0 /* Kingfisher in Frameworks */ = {isa = PBXBuildFile; productRef = 687605492CCE5960008167B0 /* Kingfisher */; };
		687605502CCE5CA3008167B0 /* SideMenu in Frameworks */ = {isa = PBXBuildFile; productRef = 6876054F2CCE5CA3008167B0 /* SideMenu */; };
		687605532CCE5D67008167B0 /* HomeViewController.swift in Sources */ = {isa = PBXBuildFile; fileRef = 687605522CCE5D67008167B0 /* HomeViewController.swift */; };
		687605562CCE6991008167B0 /* UIView+.swift in Sources */ = {isa = PBXBuildFile; fileRef = 687605552CCE6991008167B0 /* UIView+.swift */; };
		687605582CCE69A9008167B0 /* UIStackView+.swift in Sources */ = {isa = PBXBuildFile; fileRef = 687605572CCE69A9008167B0 /* UIStackView+.swift */; };
		6876055A2CCF7F86008167B0 /* HomeView.swift in Sources */ = {isa = PBXBuildFile; fileRef = 687605592CCF7F86008167B0 /* HomeView.swift */; };
		6876055C2CCF81AE008167B0 /* HomeViewModel.swift in Sources */ = {isa = PBXBuildFile; fileRef = 6876055B2CCF81AE008167B0 /* HomeViewModel.swift */; };
		6876055E2CCF851E008167B0 /* WorkspaceViewController.swift in Sources */ = {isa = PBXBuildFile; fileRef = 6876055D2CCF851E008167B0 /* WorkspaceViewController.swift */; };
		687605632CCF8D68008167B0 /* WorkspaceView.swift in Sources */ = {isa = PBXBuildFile; fileRef = 687605622CCF8D68008167B0 /* WorkspaceView.swift */; };
		687605652CCF99CC008167B0 /* BrandSimpeButton.swift in Sources */ = {isa = PBXBuildFile; fileRef = 687605642CCF99CC008167B0 /* BrandSimpeButton.swift */; };
		687605672CD0EE4D008167B0 /* WorkspaceViewModel.swift in Sources */ = {isa = PBXBuildFile; fileRef = 687605662CD0EE4D008167B0 /* WorkspaceViewModel.swift */; };
		687605692CD0F21C008167B0 /* WorkspaceCell.swift in Sources */ = {isa = PBXBuildFile; fileRef = 687605682CD0F21C008167B0 /* WorkspaceCell.swift */; };
		6876056B2CD0F27E008167B0 /* Reusable.swift in Sources */ = {isa = PBXBuildFile; fileRef = 6876056A2CD0F27E008167B0 /* Reusable.swift */; };
		6876056D2CD2721C008167B0 /* UIButton+.swift in Sources */ = {isa = PBXBuildFile; fileRef = 6876056C2CD2721C008167B0 /* UIButton+.swift */; };
		6876056F2CD340CB008167B0 /* HomeNavigationView.swift in Sources */ = {isa = PBXBuildFile; fileRef = 6876056E2CD340CB008167B0 /* HomeNavigationView.swift */; };
		687605722CD4C084008167B0 /* SingleButtonAlertViewController.swift in Sources */ = {isa = PBXBuildFile; fileRef = 687605712CD4C084008167B0 /* SingleButtonAlertViewController.swift */; };
		687605742CD4CAE4008167B0 /* CustomAlertTransition.swift in Sources */ = {isa = PBXBuildFile; fileRef = 687605732CD4CAE4008167B0 /* CustomAlertTransition.swift */; };
		687605782CD542E1008167B0 /* DoubleButtonAlertViewController.swift in Sources */ = {isa = PBXBuildFile; fileRef = 687605772CD542E1008167B0 /* DoubleButtonAlertViewController.swift */; };
		687605812CD66A74008167B0 /* CreateWorkspaceViewController.swift in Sources */ = {isa = PBXBuildFile; fileRef = 687605802CD66A74008167B0 /* CreateWorkspaceViewController.swift */; };
		687605842CD66AAF008167B0 /* EditWorkspaceViewController.swift in Sources */ = {isa = PBXBuildFile; fileRef = 687605832CD66AAF008167B0 /* EditWorkspaceViewController.swift */; };
		687605862CD66AD0008167B0 /* WorkspaceSettingView.swift in Sources */ = {isa = PBXBuildFile; fileRef = 687605852CD66AD0008167B0 /* WorkspaceSettingView.swift */; };
		687605892CDA3389008167B0 /* ChangeAdminViewController.swift in Sources */ = {isa = PBXBuildFile; fileRef = 687605882CDA3389008167B0 /* ChangeAdminViewController.swift */; };
		6876058B2CDA33D8008167B0 /* ChangeAdminView.swift in Sources */ = {isa = PBXBuildFile; fileRef = 6876058A2CDA33D8008167B0 /* ChangeAdminView.swift */; };
		6876058D2CDA36E0008167B0 /* ChangeAdminViewModel.swift in Sources */ = {isa = PBXBuildFile; fileRef = 6876058C2CDA36E0008167B0 /* ChangeAdminViewModel.swift */; };
		6876058F2CDA396F008167B0 /* ChangeAdminCell.swift in Sources */ = {isa = PBXBuildFile; fileRef = 6876058E2CDA396F008167B0 /* ChangeAdminCell.swift */; };
		687605912CDA5ED7008167B0 /* ChannelCell.swift in Sources */ = {isa = PBXBuildFile; fileRef = 687605902CDA5ED7008167B0 /* ChannelCell.swift */; };
		687605932CDB2D04008167B0 /* DirectMessageCell.swift in Sources */ = {isa = PBXBuildFile; fileRef = 687605922CDB2D04008167B0 /* DirectMessageCell.swift */; };
		687605982CDDF810008167B0 /* SearchChannelViewController.swift in Sources */ = {isa = PBXBuildFile; fileRef = 687605972CDDF810008167B0 /* SearchChannelViewController.swift */; };
		6876059A2CDDFD37008167B0 /* SearchChannelView.swift in Sources */ = {isa = PBXBuildFile; fileRef = 687605992CDDFD37008167B0 /* SearchChannelView.swift */; };
		6876059C2CDE0758008167B0 /* SearchChannelCell.swift in Sources */ = {isa = PBXBuildFile; fileRef = 6876059B2CDE0758008167B0 /* SearchChannelCell.swift */; };
		687605A02CDE07DC008167B0 /* SearchChannelViewModel.swift in Sources */ = {isa = PBXBuildFile; fileRef = 6876059F2CDE07DC008167B0 /* SearchChannelViewModel.swift */; };
		687605A22CDE1171008167B0 /* AddChannelViewController.swift in Sources */ = {isa = PBXBuildFile; fileRef = 687605A12CDE1171008167B0 /* AddChannelViewController.swift */; };
		687605A42CDE119D008167B0 /* AddChannelView.swift in Sources */ = {isa = PBXBuildFile; fileRef = 687605A32CDE119D008167B0 /* AddChannelView.swift */; };
		687605A72CDE40D3008167B0 /* InviteMemberViewController.swift in Sources */ = {isa = PBXBuildFile; fileRef = 687605A62CDE40D3008167B0 /* InviteMemberViewController.swift */; };
		687605A92CDE410B008167B0 /* InviteMemberView.swift in Sources */ = {isa = PBXBuildFile; fileRef = 687605A82CDE410B008167B0 /* InviteMemberView.swift */; };
		687605AC2CDE4877008167B0 /* DMViewController.swift in Sources */ = {isa = PBXBuildFile; fileRef = 687605AB2CDE4877008167B0 /* DMViewController.swift */; };
		687605AE2CDE4D9D008167B0 /* DMNavigationView.swift in Sources */ = {isa = PBXBuildFile; fileRef = 687605AD2CDE4D9D008167B0 /* DMNavigationView.swift */; };
		687605B02CDE4EB8008167B0 /* DMView.swift in Sources */ = {isa = PBXBuildFile; fileRef = 687605AF2CDE4EB8008167B0 /* DMView.swift */; };
		687605B22CDE4F73008167B0 /* DMViewModel.swift in Sources */ = {isa = PBXBuildFile; fileRef = 687605B12CDE4F73008167B0 /* DMViewModel.swift */; };
		687605B42CDE51ED008167B0 /* DMMemberCell.swift in Sources */ = {isa = PBXBuildFile; fileRef = 687605B32CDE51ED008167B0 /* DMMemberCell.swift */; };
		687605B62CDE5940008167B0 /* DMListCell.swift in Sources */ = {isa = PBXBuildFile; fileRef = 687605B52CDE5940008167B0 /* DMListCell.swift */; };
/* End PBXBuildFile section */

/* Begin PBXFileReference section */
		541DC7112CDDDEAB0051E898 /* PaddingLabel.swift */ = {isa = PBXFileReference; lastKnownFileType = sourcecode.swift; path = PaddingLabel.swift; sourceTree = "<group>"; };
		541DC7152CDE38960051E898 /* SettingChannelViewController.swift */ = {isa = PBXFileReference; lastKnownFileType = sourcecode.swift; path = SettingChannelViewController.swift; sourceTree = "<group>"; };
		541DC7172CDE389D0051E898 /* SettingChannelView.swift */ = {isa = PBXFileReference; lastKnownFileType = sourcecode.swift; path = SettingChannelView.swift; sourceTree = "<group>"; };
		541DC7192CDE38A60051E898 /* SettingChannelCell.swift */ = {isa = PBXFileReference; lastKnownFileType = sourcecode.swift; path = SettingChannelCell.swift; sourceTree = "<group>"; };
		541DC71B2CDE51F30051E898 /* SettingChannelViewModel.swift */ = {isa = PBXFileReference; lastKnownFileType = sourcecode.swift; path = SettingChannelViewModel.swift; sourceTree = "<group>"; };
		541DC71E2CE0F56D0051E898 /* EditChannelViewController.swift */ = {isa = PBXFileReference; lastKnownFileType = sourcecode.swift; path = EditChannelViewController.swift; sourceTree = "<group>"; };
		541DC7222CE0F57D0051E898 /* EditChannelView.swift */ = {isa = PBXFileReference; lastKnownFileType = sourcecode.swift; path = EditChannelView.swift; sourceTree = "<group>"; };
		541DC7242CE0F71B0051E898 /* BaseTextField.swift */ = {isa = PBXFileReference; lastKnownFileType = sourcecode.swift; path = BaseTextField.swift; sourceTree = "<group>"; };
		544CA7832CDA22A90066F0AD /* TabbarViewController.swift */ = {isa = PBXFileReference; lastKnownFileType = sourcecode.swift; path = TabbarViewController.swift; sourceTree = "<group>"; };
		544CA78C2CDA306F0066F0AD /* BaseTableViewCell.swift */ = {isa = PBXFileReference; lastKnownFileType = sourcecode.swift; path = BaseTableViewCell.swift; sourceTree = "<group>"; };
		544CA78E2CDA30800066F0AD /* BaseCollectionViewCell.swift */ = {isa = PBXFileReference; lastKnownFileType = sourcecode.swift; path = BaseCollectionViewCell.swift; sourceTree = "<group>"; };
		54565AB22CCE610400B5A354 /* BaseView.swift */ = {isa = PBXFileReference; lastKnownFileType = sourcecode.swift; path = BaseView.swift; sourceTree = "<group>"; };
		54565AB52CCE62FA00B5A354 /* ViewRepresentable.swift */ = {isa = PBXFileReference; lastKnownFileType = sourcecode.swift; path = ViewRepresentable.swift; sourceTree = "<group>"; };
		54565AB72CCE666B00B5A354 /* ViewModelBindable.swift */ = {isa = PBXFileReference; lastKnownFileType = sourcecode.swift; path = ViewModelBindable.swift; sourceTree = "<group>"; };
		54565ABA2CCF628A00B5A354 /* OnboardingViewController.swift */ = {isa = PBXFileReference; lastKnownFileType = sourcecode.swift; path = OnboardingViewController.swift; sourceTree = "<group>"; };
		54565ABD2CCF631100B5A354 /* OnboardingView.swift */ = {isa = PBXFileReference; lastKnownFileType = sourcecode.swift; path = OnboardingView.swift; sourceTree = "<group>"; };
		54565ABF2CCF63DF00B5A354 /* AuthorizationView.swift */ = {isa = PBXFileReference; lastKnownFileType = sourcecode.swift; path = AuthorizationView.swift; sourceTree = "<group>"; };
		54565AC42CCF721C00B5A354 /* UIFont+.swift */ = {isa = PBXFileReference; lastKnownFileType = sourcecode.swift; path = "UIFont+.swift"; sourceTree = "<group>"; };
		54565AC62CCF7F6800B5A354 /* BrandColorButton.swift */ = {isa = PBXFileReference; lastKnownFileType = sourcecode.swift; path = BrandColorButton.swift; sourceTree = "<group>"; };
		54565ACF2CCF977800B5A354 /* BaseViewController.swift */ = {isa = PBXFileReference; lastKnownFileType = sourcecode.swift; path = BaseViewController.swift; sourceTree = "<group>"; };
		54565AD82CD0EEB600B5A354 /* SignupViewController.swift */ = {isa = PBXFileReference; lastKnownFileType = sourcecode.swift; path = SignupViewController.swift; sourceTree = "<group>"; };
		54565ADA2CD0EEBA00B5A354 /* SignupView.swift */ = {isa = PBXFileReference; lastKnownFileType = sourcecode.swift; path = SignupView.swift; sourceTree = "<group>"; };
		54565ADE2CD0FA4200B5A354 /* LoginViewController.swift */ = {isa = PBXFileReference; lastKnownFileType = sourcecode.swift; path = LoginViewController.swift; sourceTree = "<group>"; };
		54565AE02CD0FA4600B5A354 /* LoginView.swift */ = {isa = PBXFileReference; lastKnownFileType = sourcecode.swift; path = LoginView.swift; sourceTree = "<group>"; };
		54565AE42CD1004000B5A354 /* NavigationRepresentable.swift */ = {isa = PBXFileReference; lastKnownFileType = sourcecode.swift; path = NavigationRepresentable.swift; sourceTree = "<group>"; };
		54565AE62CD1053700B5A354 /* DismissButtonPresentable.swift */ = {isa = PBXFileReference; lastKnownFileType = sourcecode.swift; path = DismissButtonPresentable.swift; sourceTree = "<group>"; };
		54565AE82CD1056600B5A354 /* UIViewController+.swift */ = {isa = PBXFileReference; lastKnownFileType = sourcecode.swift; path = "UIViewController+.swift"; sourceTree = "<group>"; };
		546589862CCE4FC500736BA9 /* ServiceLevelProject.app */ = {isa = PBXFileReference; explicitFileType = wrapper.application; includeInIndex = 0; path = ServiceLevelProject.app; sourceTree = BUILT_PRODUCTS_DIR; };
		546589892CCE4FC500736BA9 /* AppDelegate.swift */ = {isa = PBXFileReference; lastKnownFileType = sourcecode.swift; path = AppDelegate.swift; sourceTree = "<group>"; };
		5465898B2CCE4FC500736BA9 /* SceneDelegate.swift */ = {isa = PBXFileReference; lastKnownFileType = sourcecode.swift; path = SceneDelegate.swift; sourceTree = "<group>"; };
		5465898D2CCE4FC500736BA9 /* AuthorizationViewController.swift */ = {isa = PBXFileReference; lastKnownFileType = sourcecode.swift; path = AuthorizationViewController.swift; sourceTree = "<group>"; };
		546589922CCE4FC600736BA9 /* Assets.xcassets */ = {isa = PBXFileReference; lastKnownFileType = folder.assetcatalog; path = Assets.xcassets; sourceTree = "<group>"; };
		546589952CCE4FC600736BA9 /* Base */ = {isa = PBXFileReference; lastKnownFileType = file.storyboard; name = Base; path = Base.lproj/LaunchScreen.storyboard; sourceTree = "<group>"; };
		546589972CCE4FC600736BA9 /* Info.plist */ = {isa = PBXFileReference; lastKnownFileType = text.plist.xml; path = Info.plist; sourceTree = "<group>"; };
		5465899D2CCE50D100736BA9 /* .gitignore */ = {isa = PBXFileReference; lastKnownFileType = text; path = .gitignore; sourceTree = "<group>"; };
		5476C9562CD4C7CA00E95AD4 /* ProfileEditViewController.swift */ = {isa = PBXFileReference; lastKnownFileType = sourcecode.swift; path = ProfileEditViewController.swift; sourceTree = "<group>"; };
		5476C9582CD4C7FF00E95AD4 /* ProfileEditView.swift */ = {isa = PBXFileReference; lastKnownFileType = sourcecode.swift; path = ProfileEditView.swift; sourceTree = "<group>"; };
		5476C95A2CD4CF0000E95AD4 /* ProfileEditTableViewCell.swift */ = {isa = PBXFileReference; lastKnownFileType = sourcecode.swift; path = ProfileEditTableViewCell.swift; sourceTree = "<group>"; };
		5477F1C22CDA393B007D1A92 /* ChattingTableViewCell.swift */ = {isa = PBXFileReference; lastKnownFileType = sourcecode.swift; path = ChattingTableViewCell.swift; sourceTree = "<group>"; };
		5477F1C42CDA3955007D1A92 /* ChattingViewController.swift */ = {isa = PBXFileReference; lastKnownFileType = sourcecode.swift; path = ChattingViewController.swift; sourceTree = "<group>"; };
		5477F1C62CDA3959007D1A92 /* ChattingView.swift */ = {isa = PBXFileReference; lastKnownFileType = sourcecode.swift; path = ChattingView.swift; sourceTree = "<group>"; };
		54A53FC62CD602E300313E17 /* NicknameEditViewController.swift */ = {isa = PBXFileReference; lastKnownFileType = sourcecode.swift; path = NicknameEditViewController.swift; sourceTree = "<group>"; };
		54A53FC82CD602EC00313E17 /* NicknameEditView.swift */ = {isa = PBXFileReference; lastKnownFileType = sourcecode.swift; path = NicknameEditView.swift; sourceTree = "<group>"; };
		54A53FCA2CD609B800313E17 /* UITextField+.swift */ = {isa = PBXFileReference; lastKnownFileType = sourcecode.swift; path = "UITextField+.swift"; sourceTree = "<group>"; };
		54A53FCF2CD613C100313E17 /* KeyboardRepresentable.swift */ = {isa = PBXFileReference; lastKnownFileType = sourcecode.swift; path = KeyboardRepresentable.swift; sourceTree = "<group>"; };
		54A53FD22CD6346D00313E17 /* PhoneNumberEditViewController.swift */ = {isa = PBXFileReference; lastKnownFileType = sourcecode.swift; path = PhoneNumberEditViewController.swift; sourceTree = "<group>"; };
		54A53FD42CD6347400313E17 /* PhoneNumberEditView.swift */ = {isa = PBXFileReference; lastKnownFileType = sourcecode.swift; path = PhoneNumberEditView.swift; sourceTree = "<group>"; };
		54A53FD72CD636D200313E17 /* ProfileViewController.swift */ = {isa = PBXFileReference; lastKnownFileType = sourcecode.swift; path = ProfileViewController.swift; sourceTree = "<group>"; };
		54A53FD92CD636D500313E17 /* ProfileView.swift */ = {isa = PBXFileReference; lastKnownFileType = sourcecode.swift; path = ProfileView.swift; sourceTree = "<group>"; };
		54A53FDB2CD63A6C00313E17 /* ProfileTableViewCell.swift */ = {isa = PBXFileReference; lastKnownFileType = sourcecode.swift; path = ProfileTableViewCell.swift; sourceTree = "<group>"; };
		54A53FDE2CD63DB500313E17 /* CoinShopViewController.swift */ = {isa = PBXFileReference; lastKnownFileType = sourcecode.swift; path = CoinShopViewController.swift; sourceTree = "<group>"; };
		54A53FE02CD63DBA00313E17 /* CoinShopView.swift */ = {isa = PBXFileReference; lastKnownFileType = sourcecode.swift; path = CoinShopView.swift; sourceTree = "<group>"; };
		54A53FE42CD6426D00313E17 /* CoinTableViewCell.swift */ = {isa = PBXFileReference; lastKnownFileType = sourcecode.swift; path = CoinTableViewCell.swift; sourceTree = "<group>"; };
		54A53FE62CD65E0600313E17 /* CameraImageView.swift */ = {isa = PBXFileReference; lastKnownFileType = sourcecode.swift; path = CameraImageView.swift; sourceTree = "<group>"; };
		6876053B2CCE58B1008167B0 /* Key.swift */ = {isa = PBXFileReference; lastKnownFileType = sourcecode.swift; path = Key.swift; sourceTree = "<group>"; };
		687605522CCE5D67008167B0 /* HomeViewController.swift */ = {isa = PBXFileReference; lastKnownFileType = sourcecode.swift; path = HomeViewController.swift; sourceTree = "<group>"; };
		687605552CCE6991008167B0 /* UIView+.swift */ = {isa = PBXFileReference; lastKnownFileType = sourcecode.swift; path = "UIView+.swift"; sourceTree = "<group>"; };
		687605572CCE69A9008167B0 /* UIStackView+.swift */ = {isa = PBXFileReference; lastKnownFileType = sourcecode.swift; path = "UIStackView+.swift"; sourceTree = "<group>"; };
		687605592CCF7F86008167B0 /* HomeView.swift */ = {isa = PBXFileReference; lastKnownFileType = sourcecode.swift; path = HomeView.swift; sourceTree = "<group>"; };
		6876055B2CCF81AE008167B0 /* HomeViewModel.swift */ = {isa = PBXFileReference; lastKnownFileType = sourcecode.swift; path = HomeViewModel.swift; sourceTree = "<group>"; };
		6876055D2CCF851E008167B0 /* WorkspaceViewController.swift */ = {isa = PBXFileReference; lastKnownFileType = sourcecode.swift; path = WorkspaceViewController.swift; sourceTree = "<group>"; };
		687605622CCF8D68008167B0 /* WorkspaceView.swift */ = {isa = PBXFileReference; lastKnownFileType = sourcecode.swift; path = WorkspaceView.swift; sourceTree = "<group>"; };
		687605642CCF99CC008167B0 /* BrandSimpeButton.swift */ = {isa = PBXFileReference; lastKnownFileType = sourcecode.swift; path = BrandSimpeButton.swift; sourceTree = "<group>"; };
		687605662CD0EE4D008167B0 /* WorkspaceViewModel.swift */ = {isa = PBXFileReference; lastKnownFileType = sourcecode.swift; path = WorkspaceViewModel.swift; sourceTree = "<group>"; };
		687605682CD0F21C008167B0 /* WorkspaceCell.swift */ = {isa = PBXFileReference; lastKnownFileType = sourcecode.swift; path = WorkspaceCell.swift; sourceTree = "<group>"; };
		6876056A2CD0F27E008167B0 /* Reusable.swift */ = {isa = PBXFileReference; lastKnownFileType = sourcecode.swift; path = Reusable.swift; sourceTree = "<group>"; };
		6876056C2CD2721C008167B0 /* UIButton+.swift */ = {isa = PBXFileReference; lastKnownFileType = sourcecode.swift; path = "UIButton+.swift"; sourceTree = "<group>"; };
		6876056E2CD340CB008167B0 /* HomeNavigationView.swift */ = {isa = PBXFileReference; lastKnownFileType = sourcecode.swift; path = HomeNavigationView.swift; sourceTree = "<group>"; };
		687605712CD4C084008167B0 /* SingleButtonAlertViewController.swift */ = {isa = PBXFileReference; lastKnownFileType = sourcecode.swift; path = SingleButtonAlertViewController.swift; sourceTree = "<group>"; };
		687605732CD4CAE4008167B0 /* CustomAlertTransition.swift */ = {isa = PBXFileReference; lastKnownFileType = sourcecode.swift; path = CustomAlertTransition.swift; sourceTree = "<group>"; };
		687605772CD542E1008167B0 /* DoubleButtonAlertViewController.swift */ = {isa = PBXFileReference; lastKnownFileType = sourcecode.swift; path = DoubleButtonAlertViewController.swift; sourceTree = "<group>"; };
		687605802CD66A74008167B0 /* CreateWorkspaceViewController.swift */ = {isa = PBXFileReference; lastKnownFileType = sourcecode.swift; path = CreateWorkspaceViewController.swift; sourceTree = "<group>"; };
		687605832CD66AAF008167B0 /* EditWorkspaceViewController.swift */ = {isa = PBXFileReference; lastKnownFileType = sourcecode.swift; path = EditWorkspaceViewController.swift; sourceTree = "<group>"; };
		687605852CD66AD0008167B0 /* WorkspaceSettingView.swift */ = {isa = PBXFileReference; lastKnownFileType = sourcecode.swift; path = WorkspaceSettingView.swift; sourceTree = "<group>"; };
		687605882CDA3389008167B0 /* ChangeAdminViewController.swift */ = {isa = PBXFileReference; lastKnownFileType = sourcecode.swift; path = ChangeAdminViewController.swift; sourceTree = "<group>"; };
		6876058A2CDA33D8008167B0 /* ChangeAdminView.swift */ = {isa = PBXFileReference; lastKnownFileType = sourcecode.swift; path = ChangeAdminView.swift; sourceTree = "<group>"; };
		6876058C2CDA36E0008167B0 /* ChangeAdminViewModel.swift */ = {isa = PBXFileReference; lastKnownFileType = sourcecode.swift; path = ChangeAdminViewModel.swift; sourceTree = "<group>"; };
		6876058E2CDA396F008167B0 /* ChangeAdminCell.swift */ = {isa = PBXFileReference; lastKnownFileType = sourcecode.swift; path = ChangeAdminCell.swift; sourceTree = "<group>"; };
		687605902CDA5ED7008167B0 /* ChannelCell.swift */ = {isa = PBXFileReference; lastKnownFileType = sourcecode.swift; path = ChannelCell.swift; sourceTree = "<group>"; };
		687605922CDB2D04008167B0 /* DirectMessageCell.swift */ = {isa = PBXFileReference; lastKnownFileType = sourcecode.swift; path = DirectMessageCell.swift; sourceTree = "<group>"; };
		687605972CDDF810008167B0 /* SearchChannelViewController.swift */ = {isa = PBXFileReference; lastKnownFileType = sourcecode.swift; path = SearchChannelViewController.swift; sourceTree = "<group>"; };
		687605992CDDFD37008167B0 /* SearchChannelView.swift */ = {isa = PBXFileReference; lastKnownFileType = sourcecode.swift; path = SearchChannelView.swift; sourceTree = "<group>"; };
		6876059B2CDE0758008167B0 /* SearchChannelCell.swift */ = {isa = PBXFileReference; lastKnownFileType = sourcecode.swift; path = SearchChannelCell.swift; sourceTree = "<group>"; };
		6876059F2CDE07DC008167B0 /* SearchChannelViewModel.swift */ = {isa = PBXFileReference; lastKnownFileType = sourcecode.swift; path = SearchChannelViewModel.swift; sourceTree = "<group>"; };
		687605A12CDE1171008167B0 /* AddChannelViewController.swift */ = {isa = PBXFileReference; lastKnownFileType = sourcecode.swift; path = AddChannelViewController.swift; sourceTree = "<group>"; };
		687605A32CDE119D008167B0 /* AddChannelView.swift */ = {isa = PBXFileReference; lastKnownFileType = sourcecode.swift; path = AddChannelView.swift; sourceTree = "<group>"; };
		687605A62CDE40D3008167B0 /* InviteMemberViewController.swift */ = {isa = PBXFileReference; lastKnownFileType = sourcecode.swift; path = InviteMemberViewController.swift; sourceTree = "<group>"; };
		687605A82CDE410B008167B0 /* InviteMemberView.swift */ = {isa = PBXFileReference; lastKnownFileType = sourcecode.swift; path = InviteMemberView.swift; sourceTree = "<group>"; };
		687605AB2CDE4877008167B0 /* DMViewController.swift */ = {isa = PBXFileReference; lastKnownFileType = sourcecode.swift; path = DMViewController.swift; sourceTree = "<group>"; };
		687605AD2CDE4D9D008167B0 /* DMNavigationView.swift */ = {isa = PBXFileReference; lastKnownFileType = sourcecode.swift; path = DMNavigationView.swift; sourceTree = "<group>"; };
		687605AF2CDE4EB8008167B0 /* DMView.swift */ = {isa = PBXFileReference; lastKnownFileType = sourcecode.swift; path = DMView.swift; sourceTree = "<group>"; };
		687605B12CDE4F73008167B0 /* DMViewModel.swift */ = {isa = PBXFileReference; lastKnownFileType = sourcecode.swift; path = DMViewModel.swift; sourceTree = "<group>"; };
		687605B32CDE51ED008167B0 /* DMMemberCell.swift */ = {isa = PBXFileReference; lastKnownFileType = sourcecode.swift; path = DMMemberCell.swift; sourceTree = "<group>"; };
		687605B52CDE5940008167B0 /* DMListCell.swift */ = {isa = PBXFileReference; lastKnownFileType = sourcecode.swift; path = DMListCell.swift; sourceTree = "<group>"; };
/* End PBXFileReference section */

/* Begin PBXFrameworksBuildPhase section */
		546589832CCE4FC500736BA9 /* Frameworks */ = {
			isa = PBXFrameworksBuildPhase;
			buildActionMask = 2147483647;
			files = (
				687605452CCE5948008167B0 /* RxCocoa in Frameworks */,
				6876053F2CCE58F0008167B0 /* SnapKit in Frameworks */,
				687605472CCE5948008167B0 /* RxSwift in Frameworks */,
				687605422CCE5901008167B0 /* Then in Frameworks */,
				687605502CCE5CA3008167B0 /* SideMenu in Frameworks */,
				6876054A2CCE5960008167B0 /* Kingfisher in Frameworks */,
			);
			runOnlyForDeploymentPostprocessing = 0;
		};
/* End PBXFrameworksBuildPhase section */

/* Begin PBXGroup section */
		541DC7142CDE38450051E898 /* SettingChannel */ = {
			isa = PBXGroup;
			children = (
				541DC71D2CE0F5610051E898 /* EditChannel */,
				541DC7152CDE38960051E898 /* SettingChannelViewController.swift */,
				541DC71B2CDE51F30051E898 /* SettingChannelViewModel.swift */,
				541DC7172CDE389D0051E898 /* SettingChannelView.swift */,
				541DC7192CDE38A60051E898 /* SettingChannelCell.swift */,
			);
			path = SettingChannel;
			sourceTree = "<group>";
		};
		541DC71D2CE0F5610051E898 /* EditChannel */ = {
			isa = PBXGroup;
			children = (
				541DC71E2CE0F56D0051E898 /* EditChannelViewController.swift */,
				541DC7222CE0F57D0051E898 /* EditChannelView.swift */,
			);
			path = EditChannel;
			sourceTree = "<group>";
		};
		54565AB12CCE60FB00B5A354 /* CustomView */ = {
			isa = PBXGroup;
			children = (
				54565AB22CCE610400B5A354 /* BaseView.swift */,
				541DC7112CDDDEAB0051E898 /* PaddingLabel.swift */,
				544CA7832CDA22A90066F0AD /* TabbarViewController.swift */,
				544CA78C2CDA306F0066F0AD /* BaseTableViewCell.swift */,
				544CA78E2CDA30800066F0AD /* BaseCollectionViewCell.swift */,
				54565ACF2CCF977800B5A354 /* BaseViewController.swift */,
				54565AC62CCF7F6800B5A354 /* BrandColorButton.swift */,
				687605642CCF99CC008167B0 /* BrandSimpeButton.swift */,
				687605712CD4C084008167B0 /* SingleButtonAlertViewController.swift */,
				687605772CD542E1008167B0 /* DoubleButtonAlertViewController.swift */,
				54A53FE62CD65E0600313E17 /* CameraImageView.swift */,
				541DC7242CE0F71B0051E898 /* BaseTextField.swift */,
			);
			path = CustomView;
			sourceTree = "<group>";
		};
		54565AB42CCE62E000B5A354 /* Protocol */ = {
			isa = PBXGroup;
			children = (
				54565AB52CCE62FA00B5A354 /* ViewRepresentable.swift */,
				54565AB72CCE666B00B5A354 /* ViewModelBindable.swift */,
				6876056A2CD0F27E008167B0 /* Reusable.swift */,
				54565AE42CD1004000B5A354 /* NavigationRepresentable.swift */,
				54565AE62CD1053700B5A354 /* DismissButtonPresentable.swift */,
				54A53FCF2CD613C100313E17 /* KeyboardRepresentable.swift */,
			);
			path = Protocol;
			sourceTree = "<group>";
		};
		54565ABC2CCF630400B5A354 /* Onboarding */ = {
			isa = PBXGroup;
			children = (
				54565ABA2CCF628A00B5A354 /* OnboardingViewController.swift */,
				54565ABD2CCF631100B5A354 /* OnboardingView.swift */,
			);
			path = Onboarding;
			sourceTree = "<group>";
		};
		54565AD72CD0EEA200B5A354 /* Signup */ = {
			isa = PBXGroup;
			children = (
				54565AD82CD0EEB600B5A354 /* SignupViewController.swift */,
				54565ADA2CD0EEBA00B5A354 /* SignupView.swift */,
			);
			path = Signup;
			sourceTree = "<group>";
		};
		54565ADD2CD0FA3900B5A354 /* Login */ = {
			isa = PBXGroup;
			children = (
				54565ADE2CD0FA4200B5A354 /* LoginViewController.swift */,
				54565AE02CD0FA4600B5A354 /* LoginView.swift */,
			);
			path = Login;
			sourceTree = "<group>";
		};
		5465897D2CCE4FC500736BA9 = {
			isa = PBXGroup;
			children = (
				5465899D2CCE50D100736BA9 /* .gitignore */,
				6876053B2CCE58B1008167B0 /* Key.swift */,
				546589882CCE4FC500736BA9 /* ServiceLevelProject */,
				546589872CCE4FC500736BA9 /* Products */,
			);
			sourceTree = "<group>";
		};
		546589872CCE4FC500736BA9 /* Products */ = {
			isa = PBXGroup;
			children = (
				546589862CCE4FC500736BA9 /* ServiceLevelProject.app */,
			);
			name = Products;
			sourceTree = "<group>";
		};
		546589882CCE4FC500736BA9 /* ServiceLevelProject */ = {
			isa = PBXGroup;
			children = (
				546589A72CCE567700736BA9 /* Resources */,
				546589A82CCE56A500736BA9 /* Sources */,
				546589922CCE4FC600736BA9 /* Assets.xcassets */,
				546589972CCE4FC600736BA9 /* Info.plist */,
			);
			path = ServiceLevelProject;
			sourceTree = "<group>";
		};
		546589A72CCE567700736BA9 /* Resources */ = {
			isa = PBXGroup;
			children = (
				546589892CCE4FC500736BA9 /* AppDelegate.swift */,
				5465898B2CCE4FC500736BA9 /* SceneDelegate.swift */,
				546589942CCE4FC600736BA9 /* LaunchScreen.storyboard */,
			);
			path = Resources;
			sourceTree = "<group>";
		};
		546589A82CCE56A500736BA9 /* Sources */ = {
			isa = PBXGroup;
			children = (
				687605792CD54332008167B0 /* Animations */,
				687605542CCE691D008167B0 /* Extension */,
				54565AB42CCE62E000B5A354 /* Protocol */,
				54565AB12CCE60FB00B5A354 /* CustomView */,
				546589A92CCE56B900736BA9 /* Presentation */,
			);
			path = Sources;
			sourceTree = "<group>";
		};
		546589A92CCE56B900736BA9 /* Presentation */ = {
			isa = PBXGroup;
			children = (
				54565ABC2CCF630400B5A354 /* Onboarding */,
				546589AA2CCE56D000736BA9 /* Authorization */,
				54565AD72CD0EEA200B5A354 /* Signup */,
				54565ADD2CD0FA3900B5A354 /* Login */,
				687605612CCF8D58008167B0 /* Channel */,
				548940932CD4C02F001E6E40 /* Profile */,
				687605512CCE5CC1008167B0 /* Workspace */,
				687605AA2CDE4846008167B0 /* DM */,
			);
			path = Presentation;
			sourceTree = "<group>";
		};
		546589AA2CCE56D000736BA9 /* Authorization */ = {
			isa = PBXGroup;
			children = (
				5465898D2CCE4FC500736BA9 /* AuthorizationViewController.swift */,
				54565ABF2CCF63DF00B5A354 /* AuthorizationView.swift */,
			);
			path = Authorization;
			sourceTree = "<group>";
		};
		5477F1C12CDA3920007D1A92 /* Chatting */ = {
			isa = PBXGroup;
			children = (
				5477F1C42CDA3955007D1A92 /* ChattingViewController.swift */,
				5477F1C62CDA3959007D1A92 /* ChattingView.swift */,
				5477F1C22CDA393B007D1A92 /* ChattingTableViewCell.swift */,
			);
			path = Chatting;
			sourceTree = "<group>";
		};
		548940932CD4C02F001E6E40 /* Profile */ = {
			isa = PBXGroup;
			children = (
				54A53FDD2CD63DA200313E17 /* CoinShop */,
				54A53FD62CD636C900313E17 /* ProfileView */,
				54A53FD12CD6345500313E17 /* PhoneNumberEdit */,
				54A53FC52CD602D900313E17 /* NicknameEdit */,
				548940942CD4C0B6001E6E40 /* ProfileEdit */,
			);
			path = Profile;
			sourceTree = "<group>";
		};
		548940942CD4C0B6001E6E40 /* ProfileEdit */ = {
			isa = PBXGroup;
			children = (
				5476C9562CD4C7CA00E95AD4 /* ProfileEditViewController.swift */,
				5476C9582CD4C7FF00E95AD4 /* ProfileEditView.swift */,
				5476C95A2CD4CF0000E95AD4 /* ProfileEditTableViewCell.swift */,
			);
			path = ProfileEdit;
			sourceTree = "<group>";
		};
		54A53FC52CD602D900313E17 /* NicknameEdit */ = {
			isa = PBXGroup;
			children = (
				54A53FC62CD602E300313E17 /* NicknameEditViewController.swift */,
				54A53FC82CD602EC00313E17 /* NicknameEditView.swift */,
			);
			path = NicknameEdit;
			sourceTree = "<group>";
		};
		54A53FD12CD6345500313E17 /* PhoneNumberEdit */ = {
			isa = PBXGroup;
			children = (
				54A53FD22CD6346D00313E17 /* PhoneNumberEditViewController.swift */,
				54A53FD42CD6347400313E17 /* PhoneNumberEditView.swift */,
			);
			path = PhoneNumberEdit;
			sourceTree = "<group>";
		};
		54A53FD62CD636C900313E17 /* ProfileView */ = {
			isa = PBXGroup;
			children = (
				54A53FD72CD636D200313E17 /* ProfileViewController.swift */,
				54A53FD92CD636D500313E17 /* ProfileView.swift */,
				54A53FDB2CD63A6C00313E17 /* ProfileTableViewCell.swift */,
			);
			path = ProfileView;
			sourceTree = "<group>";
		};
		54A53FDD2CD63DA200313E17 /* CoinShop */ = {
			isa = PBXGroup;
			children = (
				54A53FDE2CD63DB500313E17 /* CoinShopViewController.swift */,
				54A53FE02CD63DBA00313E17 /* CoinShopView.swift */,
				54A53FE42CD6426D00313E17 /* CoinTableViewCell.swift */,
			);
			path = CoinShop;
			sourceTree = "<group>";
		};
		687605512CCE5CC1008167B0 /* Workspace */ = {
			isa = PBXGroup;
			children = (
				6876057F2CD66A65008167B0 /* Create & Edit */,
				6876057B2CD6682C008167B0 /* Main */,
			);
			path = Workspace;
			sourceTree = "<group>";
		};
		687605542CCE691D008167B0 /* Extension */ = {
			isa = PBXGroup;
			children = (
				687605552CCE6991008167B0 /* UIView+.swift */,
				687605572CCE69A9008167B0 /* UIStackView+.swift */,
				54565AC42CCF721C00B5A354 /* UIFont+.swift */,
				54565AE82CD1056600B5A354 /* UIViewController+.swift */,
				6876056C2CD2721C008167B0 /* UIButton+.swift */,
				54A53FCA2CD609B800313E17 /* UITextField+.swift */,
			);
			path = Extension;
			sourceTree = "<group>";
		};
		687605612CCF8D58008167B0 /* Channel */ = {
			isa = PBXGroup;
			children = (
				687605942CDDF3ED008167B0 /* Home */,
				687605952CDDF42A008167B0 /* AddChannel */,
				687605962CDDF43A008167B0 /* SearchChannel */,
				687605A52CDE40B6008167B0 /* InviteMember */,
				541DC7142CDE38450051E898 /* SettingChannel */,
				5477F1C12CDA3920007D1A92 /* Chatting */,
			);
			path = Channel;
			sourceTree = "<group>";
		};
		687605792CD54332008167B0 /* Animations */ = {
			isa = PBXGroup;
			children = (
				687605732CD4CAE4008167B0 /* CustomAlertTransition.swift */,
			);
			path = Animations;
			sourceTree = "<group>";
		};
		6876057B2CD6682C008167B0 /* Main */ = {
			isa = PBXGroup;
			children = (
				6876055D2CCF851E008167B0 /* WorkspaceViewController.swift */,
				687605622CCF8D68008167B0 /* WorkspaceView.swift */,
				687605662CD0EE4D008167B0 /* WorkspaceViewModel.swift */,
				687605682CD0F21C008167B0 /* WorkspaceCell.swift */,
			);
			path = Main;
			sourceTree = "<group>";
		};
		6876057C2CD66837008167B0 /* Edit */ = {
			isa = PBXGroup;
			children = (
				687605832CD66AAF008167B0 /* EditWorkspaceViewController.swift */,
			);
			path = Edit;
			sourceTree = "<group>";
		};
		6876057F2CD66A65008167B0 /* Create & Edit */ = {
			isa = PBXGroup;
			children = (
				687605852CD66AD0008167B0 /* WorkspaceSettingView.swift */,
				687605822CD66A9D008167B0 /* Create */,
				6876057C2CD66837008167B0 /* Edit */,
				687605872CDA3368008167B0 /* ChangeAmin */,
			);
			path = "Create & Edit";
			sourceTree = "<group>";
		};
		687605822CD66A9D008167B0 /* Create */ = {
			isa = PBXGroup;
			children = (
				687605802CD66A74008167B0 /* CreateWorkspaceViewController.swift */,
			);
			path = Create;
			sourceTree = "<group>";
		};
		687605872CDA3368008167B0 /* ChangeAmin */ = {
			isa = PBXGroup;
			children = (
				687605882CDA3389008167B0 /* ChangeAdminViewController.swift */,
				6876058A2CDA33D8008167B0 /* ChangeAdminView.swift */,
				6876058C2CDA36E0008167B0 /* ChangeAdminViewModel.swift */,
				6876058E2CDA396F008167B0 /* ChangeAdminCell.swift */,
			);
			path = ChangeAmin;
			sourceTree = "<group>";
		};
		687605942CDDF3ED008167B0 /* Home */ = {
			isa = PBXGroup;
			children = (
				687605522CCE5D67008167B0 /* HomeViewController.swift */,
				687605592CCF7F86008167B0 /* HomeView.swift */,
				6876056E2CD340CB008167B0 /* HomeNavigationView.swift */,
				6876055B2CCF81AE008167B0 /* HomeViewModel.swift */,
				687605902CDA5ED7008167B0 /* ChannelCell.swift */,
				687605922CDB2D04008167B0 /* DirectMessageCell.swift */,
			);
			path = Home;
			sourceTree = "<group>";
		};
		687605952CDDF42A008167B0 /* AddChannel */ = {
			isa = PBXGroup;
			children = (
				687605A12CDE1171008167B0 /* AddChannelViewController.swift */,
				687605A32CDE119D008167B0 /* AddChannelView.swift */,
			);
			path = AddChannel;
			sourceTree = "<group>";
		};
		687605962CDDF43A008167B0 /* SearchChannel */ = {
			isa = PBXGroup;
			children = (
				687605972CDDF810008167B0 /* SearchChannelViewController.swift */,
				687605992CDDFD37008167B0 /* SearchChannelView.swift */,
				6876059B2CDE0758008167B0 /* SearchChannelCell.swift */,
				6876059F2CDE07DC008167B0 /* SearchChannelViewModel.swift */,
			);
			path = SearchChannel;
			sourceTree = "<group>";
		};
		687605A52CDE40B6008167B0 /* InviteMember */ = {
			isa = PBXGroup;
			children = (
				687605A62CDE40D3008167B0 /* InviteMemberViewController.swift */,
				687605A82CDE410B008167B0 /* InviteMemberView.swift */,
			);
			path = InviteMember;
			sourceTree = "<group>";
		};
		687605AA2CDE4846008167B0 /* DM */ = {
			isa = PBXGroup;
			children = (
				687605AB2CDE4877008167B0 /* DMViewController.swift */,
				687605AF2CDE4EB8008167B0 /* DMView.swift */,
				687605AD2CDE4D9D008167B0 /* DMNavigationView.swift */,
				687605B12CDE4F73008167B0 /* DMViewModel.swift */,
				687605B32CDE51ED008167B0 /* DMMemberCell.swift */,
				687605B52CDE5940008167B0 /* DMListCell.swift */,
			);
			path = DM;
			sourceTree = "<group>";
		};
/* End PBXGroup section */

/* Begin PBXNativeTarget section */
		546589852CCE4FC500736BA9 /* ServiceLevelProject */ = {
			isa = PBXNativeTarget;
			buildConfigurationList = 5465899A2CCE4FC600736BA9 /* Build configuration list for PBXNativeTarget "ServiceLevelProject" */;
			buildPhases = (
				546589822CCE4FC500736BA9 /* Sources */,
				546589832CCE4FC500736BA9 /* Frameworks */,
				546589842CCE4FC500736BA9 /* Resources */,
			);
			buildRules = (
			);
			dependencies = (
			);
			name = ServiceLevelProject;
			packageProductDependencies = (
				6876053E2CCE58F0008167B0 /* SnapKit */,
				687605412CCE5901008167B0 /* Then */,
				687605442CCE5948008167B0 /* RxCocoa */,
				687605462CCE5948008167B0 /* RxSwift */,
				687605492CCE5960008167B0 /* Kingfisher */,
				6876054F2CCE5CA3008167B0 /* SideMenu */,
			);
			productName = ServiceLevelProject;
			productReference = 546589862CCE4FC500736BA9 /* ServiceLevelProject.app */;
			productType = "com.apple.product-type.application";
		};
/* End PBXNativeTarget section */

/* Begin PBXProject section */
		5465897E2CCE4FC500736BA9 /* Project object */ = {
			isa = PBXProject;
			attributes = {
				BuildIndependentTargetsInParallel = 1;
				LastSwiftUpdateCheck = 1530;
				LastUpgradeCheck = 1530;
				TargetAttributes = {
					546589852CCE4FC500736BA9 = {
						CreatedOnToolsVersion = 15.3;
					};
				};
			};
			buildConfigurationList = 546589812CCE4FC500736BA9 /* Build configuration list for PBXProject "ServiceLevelProject" */;
			compatibilityVersion = "Xcode 14.0";
			developmentRegion = en;
			hasScannedForEncodings = 0;
			knownRegions = (
				en,
				Base,
			);
			mainGroup = 5465897D2CCE4FC500736BA9;
			packageReferences = (
				6876053D2CCE58F0008167B0 /* XCRemoteSwiftPackageReference "SnapKit" */,
				687605402CCE5901008167B0 /* XCRemoteSwiftPackageReference "Then" */,
				687605432CCE5948008167B0 /* XCRemoteSwiftPackageReference "RxSwift" */,
				687605482CCE5960008167B0 /* XCRemoteSwiftPackageReference "Kingfisher" */,
				6876054E2CCE5CA3008167B0 /* XCRemoteSwiftPackageReference "SideMenu" */,
			);
			productRefGroup = 546589872CCE4FC500736BA9 /* Products */;
			projectDirPath = "";
			projectRoot = "";
			targets = (
				546589852CCE4FC500736BA9 /* ServiceLevelProject */,
			);
		};
/* End PBXProject section */

/* Begin PBXResourcesBuildPhase section */
		546589842CCE4FC500736BA9 /* Resources */ = {
			isa = PBXResourcesBuildPhase;
			buildActionMask = 2147483647;
			files = (
				546589932CCE4FC600736BA9 /* Assets.xcassets in Resources */,
				5465899E2CCE50D100736BA9 /* .gitignore in Resources */,
				546589962CCE4FC600736BA9 /* Base in Resources */,
			);
			runOnlyForDeploymentPostprocessing = 0;
		};
/* End PBXResourcesBuildPhase section */

/* Begin PBXSourcesBuildPhase section */
		546589822CCE4FC500736BA9 /* Sources */ = {
			isa = PBXSourcesBuildPhase;
			buildActionMask = 2147483647;
			files = (
				6876059C2CDE0758008167B0 /* SearchChannelCell.swift in Sources */,
				687605692CD0F21C008167B0 /* WorkspaceCell.swift in Sources */,
				54565AC52CCF721C00B5A354 /* UIFont+.swift in Sources */,
				54A53FC92CD602EC00313E17 /* NicknameEditView.swift in Sources */,
				54A53FDC2CD63A6C00313E17 /* ProfileTableViewCell.swift in Sources */,
				541DC71A2CDE38A60051E898 /* SettingChannelCell.swift in Sources */,
				54A53FC72CD602E300313E17 /* NicknameEditViewController.swift in Sources */,
				5476C9592CD4C7FF00E95AD4 /* ProfileEditView.swift in Sources */,
				54565AC72CCF7F6800B5A354 /* BrandColorButton.swift in Sources */,
				54A53FD52CD6347400313E17 /* PhoneNumberEditView.swift in Sources */,
				687605AE2CDE4D9D008167B0 /* DMNavigationView.swift in Sources */,
				54565AD92CD0EEB600B5A354 /* SignupViewController.swift in Sources */,
				687605532CCE5D67008167B0 /* HomeViewController.swift in Sources */,
				6876055E2CCF851E008167B0 /* WorkspaceViewController.swift in Sources */,
				6876056F2CD340CB008167B0 /* HomeNavigationView.swift in Sources */,
				687605632CCF8D68008167B0 /* WorkspaceView.swift in Sources */,
				54A53FD32CD6346D00313E17 /* PhoneNumberEditViewController.swift in Sources */,
				6876058B2CDA33D8008167B0 /* ChangeAdminView.swift in Sources */,
				5465898E2CCE4FC500736BA9 /* AuthorizationViewController.swift in Sources */,
				6876053C2CCE58B1008167B0 /* Key.swift in Sources */,
				541DC7122CDDDEAB0051E898 /* PaddingLabel.swift in Sources */,
				544CA7842CDA22A90066F0AD /* TabbarViewController.swift in Sources */,
				687605932CDB2D04008167B0 /* DirectMessageCell.swift in Sources */,
				54565ABE2CCF631100B5A354 /* OnboardingView.swift in Sources */,
				54565AB62CCE62FA00B5A354 /* ViewRepresentable.swift in Sources */,
				54565AB32CCE610400B5A354 /* BaseView.swift in Sources */,
				687605582CCE69A9008167B0 /* UIStackView+.swift in Sources */,
				544CA78D2CDA306F0066F0AD /* BaseTableViewCell.swift in Sources */,
				5477F1C32CDA393B007D1A92 /* ChattingTableViewCell.swift in Sources */,
				5476C95B2CD4CF0000E95AD4 /* ProfileEditTableViewCell.swift in Sources */,
				54A53FDA2CD636D500313E17 /* ProfileView.swift in Sources */,
				6876056B2CD0F27E008167B0 /* Reusable.swift in Sources */,
				54A53FD02CD613C100313E17 /* KeyboardRepresentable.swift in Sources */,
				54565ADF2CD0FA4200B5A354 /* LoginViewController.swift in Sources */,
				54A53FE12CD63DBA00313E17 /* CoinShopView.swift in Sources */,
				54A53FDF2CD63DB500313E17 /* CoinShopViewController.swift in Sources */,
				6876056D2CD2721C008167B0 /* UIButton+.swift in Sources */,
				6876058D2CDA36E0008167B0 /* ChangeAdminViewModel.swift in Sources */,
				54565AE12CD0FA4600B5A354 /* LoginView.swift in Sources */,
				687605AC2CDE4877008167B0 /* DMViewController.swift in Sources */,
				687605892CDA3389008167B0 /* ChangeAdminViewController.swift in Sources */,
				687605862CD66AD0008167B0 /* WorkspaceSettingView.swift in Sources */,
				54565AE92CD1056600B5A354 /* UIViewController+.swift in Sources */,
				54A53FE52CD6426D00313E17 /* CoinTableViewCell.swift in Sources */,
				54A53FE72CD65E0600313E17 /* CameraImageView.swift in Sources */,
				5477F1C52CDA3955007D1A92 /* ChattingViewController.swift in Sources */,
				687605842CD66AAF008167B0 /* EditWorkspaceViewController.swift in Sources */,
				5465898A2CCE4FC500736BA9 /* AppDelegate.swift in Sources */,
				6876055C2CCF81AE008167B0 /* HomeViewModel.swift in Sources */,
				687605782CD542E1008167B0 /* DoubleButtonAlertViewController.swift in Sources */,
				541DC7232CE0F57D0051E898 /* EditChannelView.swift in Sources */,
				687605562CCE6991008167B0 /* UIView+.swift in Sources */,
				687605672CD0EE4D008167B0 /* WorkspaceViewModel.swift in Sources */,
				541DC7182CDE389D0051E898 /* SettingChannelView.swift in Sources */,
				54A53FCB2CD609B800313E17 /* UITextField+.swift in Sources */,
				6876055A2CCF7F86008167B0 /* HomeView.swift in Sources */,
				687605A42CDE119D008167B0 /* AddChannelView.swift in Sources */,
				687605A72CDE40D3008167B0 /* InviteMemberViewController.swift in Sources */,
				687605912CDA5ED7008167B0 /* ChannelCell.swift in Sources */,
				541DC71C2CDE51F30051E898 /* SettingChannelViewModel.swift in Sources */,
				687605812CD66A74008167B0 /* CreateWorkspaceViewController.swift in Sources */,
				544CA78F2CDA30800066F0AD /* BaseCollectionViewCell.swift in Sources */,
				541DC71F2CE0F56D0051E898 /* EditChannelViewController.swift in Sources */,
				541DC7162CDE38960051E898 /* SettingChannelViewController.swift in Sources */,
				5465898C2CCE4FC500736BA9 /* SceneDelegate.swift in Sources */,
				6876058F2CDA396F008167B0 /* ChangeAdminCell.swift in Sources */,
				687605722CD4C084008167B0 /* SingleButtonAlertViewController.swift in Sources */,
				54565ABB2CCF628A00B5A354 /* OnboardingViewController.swift in Sources */,
				687605A22CDE1171008167B0 /* AddChannelViewController.swift in Sources */,
				687605982CDDF810008167B0 /* SearchChannelViewController.swift in Sources */,
				54565AE52CD1004000B5A354 /* NavigationRepresentable.swift in Sources */,
				5477F1C72CDA3959007D1A92 /* ChattingView.swift in Sources */,
				54565AD02CCF977800B5A354 /* BaseViewController.swift in Sources */,
				5476C9572CD4C7CA00E95AD4 /* ProfileEditViewController.swift in Sources */,
				54565AB82CCE666B00B5A354 /* ViewModelBindable.swift in Sources */,
				687605742CD4CAE4008167B0 /* CustomAlertTransition.swift in Sources */,
				687605B42CDE51ED008167B0 /* DMMemberCell.swift in Sources */,
				54565AE72CD1053700B5A354 /* DismissButtonPresentable.swift in Sources */,
				687605652CCF99CC008167B0 /* BrandSimpeButton.swift in Sources */,
				6876059A2CDDFD37008167B0 /* SearchChannelView.swift in Sources */,
				687605B22CDE4F73008167B0 /* DMViewModel.swift in Sources */,
				54A53FD82CD636D200313E17 /* ProfileViewController.swift in Sources */,
				687605B62CDE5940008167B0 /* DMListCell.swift in Sources */,
				54565AC02CCF63DF00B5A354 /* AuthorizationView.swift in Sources */,
				541DC7252CE0F71B0051E898 /* BaseTextField.swift in Sources */,
				687605A02CDE07DC008167B0 /* SearchChannelViewModel.swift in Sources */,
				54565ADB2CD0EEBA00B5A354 /* SignupView.swift in Sources */,
				687605A92CDE410B008167B0 /* InviteMemberView.swift in Sources */,
				687605B02CDE4EB8008167B0 /* DMView.swift in Sources */,
			);
			runOnlyForDeploymentPostprocessing = 0;
		};
/* End PBXSourcesBuildPhase section */

/* Begin PBXVariantGroup section */
		546589942CCE4FC600736BA9 /* LaunchScreen.storyboard */ = {
			isa = PBXVariantGroup;
			children = (
				546589952CCE4FC600736BA9 /* Base */,
			);
			name = LaunchScreen.storyboard;
			sourceTree = "<group>";
		};
/* End PBXVariantGroup section */

/* Begin XCBuildConfiguration section */
		546589982CCE4FC600736BA9 /* Debug */ = {
			isa = XCBuildConfiguration;
			buildSettings = {
				ALWAYS_SEARCH_USER_PATHS = NO;
				ASSETCATALOG_COMPILER_GENERATE_SWIFT_ASSET_SYMBOL_EXTENSIONS = YES;
				CLANG_ANALYZER_NONNULL = YES;
				CLANG_ANALYZER_NUMBER_OBJECT_CONVERSION = YES_AGGRESSIVE;
				CLANG_CXX_LANGUAGE_STANDARD = "gnu++20";
				CLANG_ENABLE_MODULES = YES;
				CLANG_ENABLE_OBJC_ARC = YES;
				CLANG_ENABLE_OBJC_WEAK = YES;
				CLANG_WARN_BLOCK_CAPTURE_AUTORELEASING = YES;
				CLANG_WARN_BOOL_CONVERSION = YES;
				CLANG_WARN_COMMA = YES;
				CLANG_WARN_CONSTANT_CONVERSION = YES;
				CLANG_WARN_DEPRECATED_OBJC_IMPLEMENTATIONS = YES;
				CLANG_WARN_DIRECT_OBJC_ISA_USAGE = YES_ERROR;
				CLANG_WARN_DOCUMENTATION_COMMENTS = YES;
				CLANG_WARN_EMPTY_BODY = YES;
				CLANG_WARN_ENUM_CONVERSION = YES;
				CLANG_WARN_INFINITE_RECURSION = YES;
				CLANG_WARN_INT_CONVERSION = YES;
				CLANG_WARN_NON_LITERAL_NULL_CONVERSION = YES;
				CLANG_WARN_OBJC_IMPLICIT_RETAIN_SELF = YES;
				CLANG_WARN_OBJC_LITERAL_CONVERSION = YES;
				CLANG_WARN_OBJC_ROOT_CLASS = YES_ERROR;
				CLANG_WARN_QUOTED_INCLUDE_IN_FRAMEWORK_HEADER = YES;
				CLANG_WARN_RANGE_LOOP_ANALYSIS = YES;
				CLANG_WARN_STRICT_PROTOTYPES = YES;
				CLANG_WARN_SUSPICIOUS_MOVE = YES;
				CLANG_WARN_UNGUARDED_AVAILABILITY = YES_AGGRESSIVE;
				CLANG_WARN_UNREACHABLE_CODE = YES;
				CLANG_WARN__DUPLICATE_METHOD_MATCH = YES;
				COPY_PHASE_STRIP = NO;
				DEBUG_INFORMATION_FORMAT = dwarf;
				ENABLE_STRICT_OBJC_MSGSEND = YES;
				ENABLE_TESTABILITY = YES;
				ENABLE_USER_SCRIPT_SANDBOXING = YES;
				GCC_C_LANGUAGE_STANDARD = gnu17;
				GCC_DYNAMIC_NO_PIC = NO;
				GCC_NO_COMMON_BLOCKS = YES;
				GCC_OPTIMIZATION_LEVEL = 0;
				GCC_PREPROCESSOR_DEFINITIONS = (
					"DEBUG=1",
					"$(inherited)",
				);
				GCC_WARN_64_TO_32_BIT_CONVERSION = YES;
				GCC_WARN_ABOUT_RETURN_TYPE = YES_ERROR;
				GCC_WARN_UNDECLARED_SELECTOR = YES;
				GCC_WARN_UNINITIALIZED_AUTOS = YES_AGGRESSIVE;
				GCC_WARN_UNUSED_FUNCTION = YES;
				GCC_WARN_UNUSED_VARIABLE = YES;
				IPHONEOS_DEPLOYMENT_TARGET = 16.0;
				LOCALIZATION_PREFERS_STRING_CATALOGS = YES;
				MTL_ENABLE_DEBUG_INFO = INCLUDE_SOURCE;
				MTL_FAST_MATH = YES;
				ONLY_ACTIVE_ARCH = YES;
				SDKROOT = iphoneos;
				SWIFT_ACTIVE_COMPILATION_CONDITIONS = "DEBUG $(inherited)";
				SWIFT_OPTIMIZATION_LEVEL = "-Onone";
			};
			name = Debug;
		};
		546589992CCE4FC600736BA9 /* Release */ = {
			isa = XCBuildConfiguration;
			buildSettings = {
				ALWAYS_SEARCH_USER_PATHS = NO;
				ASSETCATALOG_COMPILER_GENERATE_SWIFT_ASSET_SYMBOL_EXTENSIONS = YES;
				CLANG_ANALYZER_NONNULL = YES;
				CLANG_ANALYZER_NUMBER_OBJECT_CONVERSION = YES_AGGRESSIVE;
				CLANG_CXX_LANGUAGE_STANDARD = "gnu++20";
				CLANG_ENABLE_MODULES = YES;
				CLANG_ENABLE_OBJC_ARC = YES;
				CLANG_ENABLE_OBJC_WEAK = YES;
				CLANG_WARN_BLOCK_CAPTURE_AUTORELEASING = YES;
				CLANG_WARN_BOOL_CONVERSION = YES;
				CLANG_WARN_COMMA = YES;
				CLANG_WARN_CONSTANT_CONVERSION = YES;
				CLANG_WARN_DEPRECATED_OBJC_IMPLEMENTATIONS = YES;
				CLANG_WARN_DIRECT_OBJC_ISA_USAGE = YES_ERROR;
				CLANG_WARN_DOCUMENTATION_COMMENTS = YES;
				CLANG_WARN_EMPTY_BODY = YES;
				CLANG_WARN_ENUM_CONVERSION = YES;
				CLANG_WARN_INFINITE_RECURSION = YES;
				CLANG_WARN_INT_CONVERSION = YES;
				CLANG_WARN_NON_LITERAL_NULL_CONVERSION = YES;
				CLANG_WARN_OBJC_IMPLICIT_RETAIN_SELF = YES;
				CLANG_WARN_OBJC_LITERAL_CONVERSION = YES;
				CLANG_WARN_OBJC_ROOT_CLASS = YES_ERROR;
				CLANG_WARN_QUOTED_INCLUDE_IN_FRAMEWORK_HEADER = YES;
				CLANG_WARN_RANGE_LOOP_ANALYSIS = YES;
				CLANG_WARN_STRICT_PROTOTYPES = YES;
				CLANG_WARN_SUSPICIOUS_MOVE = YES;
				CLANG_WARN_UNGUARDED_AVAILABILITY = YES_AGGRESSIVE;
				CLANG_WARN_UNREACHABLE_CODE = YES;
				CLANG_WARN__DUPLICATE_METHOD_MATCH = YES;
				COPY_PHASE_STRIP = NO;
				DEBUG_INFORMATION_FORMAT = "dwarf-with-dsym";
				ENABLE_NS_ASSERTIONS = NO;
				ENABLE_STRICT_OBJC_MSGSEND = YES;
				ENABLE_USER_SCRIPT_SANDBOXING = YES;
				GCC_C_LANGUAGE_STANDARD = gnu17;
				GCC_NO_COMMON_BLOCKS = YES;
				GCC_WARN_64_TO_32_BIT_CONVERSION = YES;
				GCC_WARN_ABOUT_RETURN_TYPE = YES_ERROR;
				GCC_WARN_UNDECLARED_SELECTOR = YES;
				GCC_WARN_UNINITIALIZED_AUTOS = YES_AGGRESSIVE;
				GCC_WARN_UNUSED_FUNCTION = YES;
				GCC_WARN_UNUSED_VARIABLE = YES;
				IPHONEOS_DEPLOYMENT_TARGET = 16.0;
				LOCALIZATION_PREFERS_STRING_CATALOGS = YES;
				MTL_ENABLE_DEBUG_INFO = NO;
				MTL_FAST_MATH = YES;
				SDKROOT = iphoneos;
				SWIFT_COMPILATION_MODE = wholemodule;
				VALIDATE_PRODUCT = YES;
			};
			name = Release;
		};
		5465899B2CCE4FC600736BA9 /* Debug */ = {
			isa = XCBuildConfiguration;
			buildSettings = {
				ASSETCATALOG_COMPILER_APPICON_NAME = AppIcon;
				ASSETCATALOG_COMPILER_GLOBAL_ACCENT_COLOR_NAME = AccentColor;
				CODE_SIGN_STYLE = Automatic;
				CURRENT_PROJECT_VERSION = 1;
				DEVELOPMENT_TEAM = 82M3Y9RKT2;
				GENERATE_INFOPLIST_FILE = YES;
				INFOPLIST_FILE = ServiceLevelProject/Info.plist;
				INFOPLIST_KEY_UIApplicationSupportsIndirectInputEvents = YES;
				INFOPLIST_KEY_UILaunchStoryboardName = LaunchScreen;
				INFOPLIST_KEY_UISupportedInterfaceOrientations = UIInterfaceOrientationPortrait;
				INFOPLIST_KEY_UISupportedInterfaceOrientations_iPad = UIInterfaceOrientationPortrait;
				IPHONEOS_DEPLOYMENT_TARGET = 16.0;
				LD_RUNPATH_SEARCH_PATHS = (
					"$(inherited)",
					"@executable_path/Frameworks",
				);
				MARKETING_VERSION = 1.0;
				PRODUCT_BUNDLE_IDENTIFIER = com.lcho3878.ServiceLevelProject;
				PRODUCT_NAME = "$(TARGET_NAME)";
				SUPPORTED_PLATFORMS = "iphoneos iphonesimulator";
				SUPPORTS_MACCATALYST = NO;
				SUPPORTS_MAC_DESIGNED_FOR_IPHONE_IPAD = NO;
				SUPPORTS_XR_DESIGNED_FOR_IPHONE_IPAD = NO;
				SWIFT_EMIT_LOC_STRINGS = YES;
				SWIFT_VERSION = 5.0;
				TARGETED_DEVICE_FAMILY = 1;
			};
			name = Debug;
		};
		5465899C2CCE4FC600736BA9 /* Release */ = {
			isa = XCBuildConfiguration;
			buildSettings = {
				ASSETCATALOG_COMPILER_APPICON_NAME = AppIcon;
				ASSETCATALOG_COMPILER_GLOBAL_ACCENT_COLOR_NAME = AccentColor;
				CODE_SIGN_STYLE = Automatic;
				CURRENT_PROJECT_VERSION = 1;
				DEVELOPMENT_TEAM = 82M3Y9RKT2;
				GENERATE_INFOPLIST_FILE = YES;
				INFOPLIST_FILE = ServiceLevelProject/Info.plist;
				INFOPLIST_KEY_UIApplicationSupportsIndirectInputEvents = YES;
				INFOPLIST_KEY_UILaunchStoryboardName = LaunchScreen;
				INFOPLIST_KEY_UISupportedInterfaceOrientations = UIInterfaceOrientationPortrait;
				INFOPLIST_KEY_UISupportedInterfaceOrientations_iPad = UIInterfaceOrientationPortrait;
				IPHONEOS_DEPLOYMENT_TARGET = 16.0;
				LD_RUNPATH_SEARCH_PATHS = (
					"$(inherited)",
					"@executable_path/Frameworks",
				);
				MARKETING_VERSION = 1.0;
				PRODUCT_BUNDLE_IDENTIFIER = com.lcho3878.ServiceLevelProject;
				PRODUCT_NAME = "$(TARGET_NAME)";
				SUPPORTED_PLATFORMS = "iphoneos iphonesimulator";
				SUPPORTS_MACCATALYST = NO;
				SUPPORTS_MAC_DESIGNED_FOR_IPHONE_IPAD = NO;
				SUPPORTS_XR_DESIGNED_FOR_IPHONE_IPAD = NO;
				SWIFT_EMIT_LOC_STRINGS = YES;
				SWIFT_VERSION = 5.0;
				TARGETED_DEVICE_FAMILY = 1;
			};
			name = Release;
		};
/* End XCBuildConfiguration section */

/* Begin XCConfigurationList section */
		546589812CCE4FC500736BA9 /* Build configuration list for PBXProject "ServiceLevelProject" */ = {
			isa = XCConfigurationList;
			buildConfigurations = (
				546589982CCE4FC600736BA9 /* Debug */,
				546589992CCE4FC600736BA9 /* Release */,
			);
			defaultConfigurationIsVisible = 0;
			defaultConfigurationName = Release;
		};
		5465899A2CCE4FC600736BA9 /* Build configuration list for PBXNativeTarget "ServiceLevelProject" */ = {
			isa = XCConfigurationList;
			buildConfigurations = (
				5465899B2CCE4FC600736BA9 /* Debug */,
				5465899C2CCE4FC600736BA9 /* Release */,
			);
			defaultConfigurationIsVisible = 0;
			defaultConfigurationName = Release;
		};
/* End XCConfigurationList section */

/* Begin XCRemoteSwiftPackageReference section */
		6876053D2CCE58F0008167B0 /* XCRemoteSwiftPackageReference "SnapKit" */ = {
			isa = XCRemoteSwiftPackageReference;
			repositoryURL = "https://github.com/SnapKit/SnapKit.git";
			requirement = {
				kind = upToNextMajorVersion;
				minimumVersion = 5.7.1;
			};
		};
		687605402CCE5901008167B0 /* XCRemoteSwiftPackageReference "Then" */ = {
			isa = XCRemoteSwiftPackageReference;
			repositoryURL = "https://github.com/devxoul/Then.git";
			requirement = {
				kind = upToNextMajorVersion;
				minimumVersion = 3.0.0;
			};
		};
		687605432CCE5948008167B0 /* XCRemoteSwiftPackageReference "RxSwift" */ = {
			isa = XCRemoteSwiftPackageReference;
			repositoryURL = "https://github.com/ReactiveX/RxSwift.git";
			requirement = {
				kind = upToNextMajorVersion;
				minimumVersion = 6.8.0;
			};
		};
		687605482CCE5960008167B0 /* XCRemoteSwiftPackageReference "Kingfisher" */ = {
			isa = XCRemoteSwiftPackageReference;
			repositoryURL = "https://github.com/onevcat/Kingfisher.git";
			requirement = {
				kind = upToNextMajorVersion;
				minimumVersion = 8.1.0;
			};
		};
		6876054E2CCE5CA3008167B0 /* XCRemoteSwiftPackageReference "SideMenu" */ = {
			isa = XCRemoteSwiftPackageReference;
			repositoryURL = "https://github.com/jonkykong/SideMenu.git";
			requirement = {
				kind = upToNextMajorVersion;
				minimumVersion = 6.5.0;
			};
		};
/* End XCRemoteSwiftPackageReference section */

/* Begin XCSwiftPackageProductDependency section */
		6876053E2CCE58F0008167B0 /* SnapKit */ = {
			isa = XCSwiftPackageProductDependency;
			package = 6876053D2CCE58F0008167B0 /* XCRemoteSwiftPackageReference "SnapKit" */;
			productName = SnapKit;
		};
		687605412CCE5901008167B0 /* Then */ = {
			isa = XCSwiftPackageProductDependency;
			package = 687605402CCE5901008167B0 /* XCRemoteSwiftPackageReference "Then" */;
			productName = Then;
		};
		687605442CCE5948008167B0 /* RxCocoa */ = {
			isa = XCSwiftPackageProductDependency;
			package = 687605432CCE5948008167B0 /* XCRemoteSwiftPackageReference "RxSwift" */;
			productName = RxCocoa;
		};
		687605462CCE5948008167B0 /* RxSwift */ = {
			isa = XCSwiftPackageProductDependency;
			package = 687605432CCE5948008167B0 /* XCRemoteSwiftPackageReference "RxSwift" */;
			productName = RxSwift;
		};
		687605492CCE5960008167B0 /* Kingfisher */ = {
			isa = XCSwiftPackageProductDependency;
			package = 687605482CCE5960008167B0 /* XCRemoteSwiftPackageReference "Kingfisher" */;
			productName = Kingfisher;
		};
		6876054F2CCE5CA3008167B0 /* SideMenu */ = {
			isa = XCSwiftPackageProductDependency;
			package = 6876054E2CCE5CA3008167B0 /* XCRemoteSwiftPackageReference "SideMenu" */;
			productName = SideMenu;
		};
/* End XCSwiftPackageProductDependency section */
	};
	rootObject = 5465897E2CCE4FC500736BA9 /* Project object */;
}
